
Microsoft Visual Studio Solution File, Format Version 12.00
# Visual Studio 15
VisualStudioVersion = 15.0.28307.421
MinimumVisualStudioVersion = 10.0.40219.1
Project("{9A19103F-16F7-4668-BE54-9A1E7A4F7556}") = "Nug.LiteBlog", "Nug.LiteBlog\Nug.LiteBlog.csproj", "{1CBA23AF-F545-45E5-8E72-8B335B5CEAC2}"
EndProject
Global
	GlobalSection(SolutionConfigurationPlatforms) = preSolution
		Debug|Any CPU = Debug|Any CPU
		Release|Any CPU = Release|Any CPU
	EndGlobalSection
	GlobalSection(ProjectConfigurationPlatforms) = postSolution
		{1CBA23AF-F545-45E5-8E72-8B335B5CEAC2}.Debug|Any CPU.ActiveCfg = Debug|Any CPU
		{1CBA23AF-F545-45E5-8E72-8B335B5CEAC2}.Debug|Any CPU.Build.0 = Debug|Any CPU
		{1CBA23AF-F545-45E5-8E72-8B335B5CEAC2}.Release|Any CPU.ActiveCfg = Release|Any CPU
		{1CBA23AF-F545-45E5-8E72-8B335B5CEAC2}.Release|Any CPU.Build.0 = Release|Any CPU
	EndGlobalSection
	GlobalSection(SolutionProperties) = preSolution
		HideSolutionNode = FALSE
	EndGlobalSection
	GlobalSection(ExtensibilityGlobals) = postSolution
		SolutionGuid = {5790FAB8-4E85-402B-A27B-995066F37FE5}
	EndGlobalSection
EndGlobal
